
Microsoft Visual Studio Solution File, Format Version 12.00
# Visual Studio 14
VisualStudioVersion = 14.0.25420.1
MinimumVisualStudioVersion = 10.0.40219.1
Project("{FAE04EC0-301F-11D3-BF4B-00C04F79EFBC}") = "Toasts.Forms.Plugin.Abstractions", "Toasts.Forms.Plugin.Abstractions\Toasts.Forms.Plugin.Abstractions.csproj", "{A6005E12-DE46-4F28-8F97-8B8564AF191C}"
EndProject
Project("{FAE04EC0-301F-11D3-BF4B-00C04F79EFBC}") = "Toasts.Forms.Plugin.Droid", "Toasts.Forms.Plugin.Droid\Toasts.Forms.Plugin.Droid.csproj", "{C7D66D88-6B87-4528-820C-F09516F6A3AC}"
EndProject
Project("{2150E333-8FDC-42A3-9474-1A3956D46DE8}") = "Sample", "Sample", "{ECF5C521-9DE4-4A54-8BC1-62C7FE1B28B4}"
EndProject
Project("{FAE04EC0-301F-11D3-BF4B-00C04F79EFBC}") = "Toasts.Forms.Plugin.Sample", "Sample\Toasts.Forms.Plugin.Sample\Toasts.Forms.Plugin.Sample.csproj", "{553A881C-278B-4A3C-9C79-606EDEEE3270}"
EndProject
Project("{FAE04EC0-301F-11D3-BF4B-00C04F79EFBC}") = "Toasts.Forms.Plugin.Sample.iOS", "Sample\Toasts.Forms.Plugin.Sample.iOS\Toasts.Forms.Plugin.Sample.iOS.csproj", "{996BAC7F-CAA7-475A-80D7-2D00C03AEB49}"
EndProject
Project("{2150E333-8FDC-42A3-9474-1A3956D46DE8}") = "Misc", "Misc", "{5107FF7E-7D8C-486A-A304-50EE5DA447EC}"
	ProjectSection(SolutionItems) = preProject
		Misc\Toasts.Forms.Plugin.nuspec = Misc\Toasts.Forms.Plugin.nuspec
	EndProjectSection
EndProject
Project("{FAE04EC0-301F-11D3-BF4B-00C04F79EFBC}") = "Toasts.Forms.Plugin.iOS", "Toasts.Forms.Plugin.iOS\Toasts.Forms.Plugin.iOS.csproj", "{4AEF417F-5FD0-4255-94E2-60538CCF0C40}"
EndProject
Project("{FAE04EC0-301F-11D3-BF4B-00C04F79EFBC}") = "Toasts.Forms.Plugin.Sample.DroidAppCompat", "Sample\Toasts.Forms.Plugin.Sample.DroidAppCompat\Toasts.Forms.Plugin.Sample.DroidAppCompat.csproj", "{6C594133-C136-4C70-AC36-E56B7452BD2E}"
EndProject
Project("{FAE04EC0-301F-11D3-BF4B-00C04F79EFBC}") = "Toasts.Forms.Plugin.Sample.UWP", "Sample\Toasts.Forms.Plugin.Sample.UWP\Toasts.Forms.Plugin.Sample.UWP.csproj", "{31049358-DB24-492B-A566-7F4521E19B41}"
EndProject
Project("{FAE04EC0-301F-11D3-BF4B-00C04F79EFBC}") = "Toasts.Forms.Plugin.UWP", "Toasts.Forms.Plugin.UWP\Toasts.Forms.Plugin.UWP.csproj", "{AA702147-880F-4C45-8F4C-F8C32B57901A}"
EndProject
Global
	GlobalSection(SolutionConfigurationPlatforms) = preSolution
		Ad-Hoc|Any CPU = Ad-Hoc|Any CPU
		Ad-Hoc|ARM = Ad-Hoc|ARM
		Ad-Hoc|iPhone = Ad-Hoc|iPhone
		Ad-Hoc|iPhoneSimulator = Ad-Hoc|iPhoneSimulator
		Ad-Hoc|Mixed Platforms = Ad-Hoc|Mixed Platforms
		Ad-Hoc|x64 = Ad-Hoc|x64
		Ad-Hoc|x86 = Ad-Hoc|x86
		AppStore|Any CPU = AppStore|Any CPU
		AppStore|ARM = AppStore|ARM
		AppStore|iPhone = AppStore|iPhone
		AppStore|iPhoneSimulator = AppStore|iPhoneSimulator
		AppStore|Mixed Platforms = AppStore|Mixed Platforms
		AppStore|x64 = AppStore|x64
		AppStore|x86 = AppStore|x86
		Debug|Any CPU = Debug|Any CPU
		Debug|ARM = Debug|ARM
		Debug|iPhone = Debug|iPhone
		Debug|iPhoneSimulator = Debug|iPhoneSimulator
		Debug|Mixed Platforms = Debug|Mixed Platforms
		Debug|x64 = Debug|x64
		Debug|x86 = Debug|x86
		Release|Any CPU = Release|Any CPU
		Release|ARM = Release|ARM
		Release|iPhone = Release|iPhone
		Release|iPhoneSimulator = Release|iPhoneSimulator
		Release|Mixed Platforms = Release|Mixed Platforms
		Release|x64 = Release|x64
		Release|x86 = Release|x86
	EndGlobalSection
	GlobalSection(ProjectConfigurationPlatforms) = postSolution
		{A6005E12-DE46-4F28-8F97-8B8564AF191C}.Ad-Hoc|Any CPU.ActiveCfg = Release|Any CPU
		{A6005E12-DE46-4F28-8F97-8B8564AF191C}.Ad-Hoc|Any CPU.Build.0 = Release|Any CPU
		{A6005E12-DE46-4F28-8F97-8B8564AF191C}.Ad-Hoc|ARM.ActiveCfg = Release|Any CPU
		{A6005E12-DE46-4F28-8F97-8B8564AF191C}.Ad-Hoc|iPhone.ActiveCfg = Release|Any CPU
		{A6005E12-DE46-4F28-8F97-8B8564AF191C}.Ad-Hoc|iPhoneSimulator.ActiveCfg = Release|Any CPU
		{A6005E12-DE46-4F28-8F97-8B8564AF191C}.Ad-Hoc|Mixed Platforms.ActiveCfg = Release|Any CPU
		{A6005E12-DE46-4F28-8F97-8B8564AF191C}.Ad-Hoc|Mixed Platforms.Build.0 = Release|Any CPU
		{A6005E12-DE46-4F28-8F97-8B8564AF191C}.Ad-Hoc|x64.ActiveCfg = Release|Any CPU
		{A6005E12-DE46-4F28-8F97-8B8564AF191C}.Ad-Hoc|x86.ActiveCfg = Release|Any CPU
		{A6005E12-DE46-4F28-8F97-8B8564AF191C}.AppStore|Any CPU.ActiveCfg = Release|Any CPU
		{A6005E12-DE46-4F28-8F97-8B8564AF191C}.AppStore|Any CPU.Build.0 = Release|Any CPU
		{A6005E12-DE46-4F28-8F97-8B8564AF191C}.AppStore|ARM.ActiveCfg = Release|Any CPU
		{A6005E12-DE46-4F28-8F97-8B8564AF191C}.AppStore|iPhone.ActiveCfg = Release|Any CPU
		{A6005E12-DE46-4F28-8F97-8B8564AF191C}.AppStore|iPhoneSimulator.ActiveCfg = Release|Any CPU
		{A6005E12-DE46-4F28-8F97-8B8564AF191C}.AppStore|Mixed Platforms.ActiveCfg = Release|Any CPU
		{A6005E12-DE46-4F28-8F97-8B8564AF191C}.AppStore|Mixed Platforms.Build.0 = Release|Any CPU
		{A6005E12-DE46-4F28-8F97-8B8564AF191C}.AppStore|x64.ActiveCfg = Release|Any CPU
		{A6005E12-DE46-4F28-8F97-8B8564AF191C}.AppStore|x86.ActiveCfg = Release|Any CPU
		{A6005E12-DE46-4F28-8F97-8B8564AF191C}.Debug|Any CPU.ActiveCfg = Debug|Any CPU
		{A6005E12-DE46-4F28-8F97-8B8564AF191C}.Debug|Any CPU.Build.0 = Debug|Any CPU
		{A6005E12-DE46-4F28-8F97-8B8564AF191C}.Debug|ARM.ActiveCfg = Debug|Any CPU
		{A6005E12-DE46-4F28-8F97-8B8564AF191C}.Debug|iPhone.ActiveCfg = Debug|Any CPU
		{A6005E12-DE46-4F28-8F97-8B8564AF191C}.Debug|iPhoneSimulator.ActiveCfg = Debug|Any CPU
		{A6005E12-DE46-4F28-8F97-8B8564AF191C}.Debug|iPhoneSimulator.Build.0 = Debug|Any CPU
		{A6005E12-DE46-4F28-8F97-8B8564AF191C}.Debug|Mixed Platforms.ActiveCfg = Debug|Any CPU
		{A6005E12-DE46-4F28-8F97-8B8564AF191C}.Debug|Mixed Platforms.Build.0 = Debug|Any CPU
		{A6005E12-DE46-4F28-8F97-8B8564AF191C}.Debug|x64.ActiveCfg = Debug|Any CPU
		{A6005E12-DE46-4F28-8F97-8B8564AF191C}.Debug|x86.ActiveCfg = Debug|Any CPU
		{A6005E12-DE46-4F28-8F97-8B8564AF191C}.Release|Any CPU.ActiveCfg = Release|Any CPU
		{A6005E12-DE46-4F28-8F97-8B8564AF191C}.Release|Any CPU.Build.0 = Release|Any CPU
		{A6005E12-DE46-4F28-8F97-8B8564AF191C}.Release|ARM.ActiveCfg = Release|Any CPU
		{A6005E12-DE46-4F28-8F97-8B8564AF191C}.Release|iPhone.ActiveCfg = Release|Any CPU
		{A6005E12-DE46-4F28-8F97-8B8564AF191C}.Release|iPhone.Build.0 = Release|Any CPU
		{A6005E12-DE46-4F28-8F97-8B8564AF191C}.Release|iPhoneSimulator.ActiveCfg = Release|Any CPU
		{A6005E12-DE46-4F28-8F97-8B8564AF191C}.Release|Mixed Platforms.ActiveCfg = Release|Any CPU
		{A6005E12-DE46-4F28-8F97-8B8564AF191C}.Release|Mixed Platforms.Build.0 = Release|Any CPU
		{A6005E12-DE46-4F28-8F97-8B8564AF191C}.Release|x64.ActiveCfg = Release|Any CPU
		{A6005E12-DE46-4F28-8F97-8B8564AF191C}.Release|x86.ActiveCfg = Release|Any CPU
		{C7D66D88-6B87-4528-820C-F09516F6A3AC}.Ad-Hoc|Any CPU.ActiveCfg = Release|Any CPU
		{C7D66D88-6B87-4528-820C-F09516F6A3AC}.Ad-Hoc|Any CPU.Build.0 = Release|Any CPU
		{C7D66D88-6B87-4528-820C-F09516F6A3AC}.Ad-Hoc|ARM.ActiveCfg = Release|Any CPU
		{C7D66D88-6B87-4528-820C-F09516F6A3AC}.Ad-Hoc|iPhone.ActiveCfg = Release|Any CPU
		{C7D66D88-6B87-4528-820C-F09516F6A3AC}.Ad-Hoc|iPhoneSimulator.ActiveCfg = Release|Any CPU
		{C7D66D88-6B87-4528-820C-F09516F6A3AC}.Ad-Hoc|Mixed Platforms.ActiveCfg = Release|Any CPU
		{C7D66D88-6B87-4528-820C-F09516F6A3AC}.Ad-Hoc|Mixed Platforms.Build.0 = Release|Any CPU
		{C7D66D88-6B87-4528-820C-F09516F6A3AC}.Ad-Hoc|x64.ActiveCfg = Release|Any CPU
		{C7D66D88-6B87-4528-820C-F09516F6A3AC}.Ad-Hoc|x86.ActiveCfg = Release|Any CPU
		{C7D66D88-6B87-4528-820C-F09516F6A3AC}.AppStore|Any CPU.ActiveCfg = Release|Any CPU
		{C7D66D88-6B87-4528-820C-F09516F6A3AC}.AppStore|Any CPU.Build.0 = Release|Any CPU
		{C7D66D88-6B87-4528-820C-F09516F6A3AC}.AppStore|ARM.ActiveCfg = Release|Any CPU
		{C7D66D88-6B87-4528-820C-F09516F6A3AC}.AppStore|iPhone.ActiveCfg = Release|Any CPU
		{C7D66D88-6B87-4528-820C-F09516F6A3AC}.AppStore|iPhoneSimulator.ActiveCfg = Release|Any CPU
		{C7D66D88-6B87-4528-820C-F09516F6A3AC}.AppStore|Mixed Platforms.ActiveCfg = Release|Any CPU
		{C7D66D88-6B87-4528-820C-F09516F6A3AC}.AppStore|Mixed Platforms.Build.0 = Release|Any CPU
		{C7D66D88-6B87-4528-820C-F09516F6A3AC}.AppStore|x64.ActiveCfg = Release|Any CPU
		{C7D66D88-6B87-4528-820C-F09516F6A3AC}.AppStore|x86.ActiveCfg = Release|Any CPU
		{C7D66D88-6B87-4528-820C-F09516F6A3AC}.Debug|Any CPU.ActiveCfg = Debug|Any CPU
		{C7D66D88-6B87-4528-820C-F09516F6A3AC}.Debug|Any CPU.Build.0 = Debug|Any CPU
		{C7D66D88-6B87-4528-820C-F09516F6A3AC}.Debug|ARM.ActiveCfg = Debug|Any CPU
		{C7D66D88-6B87-4528-820C-F09516F6A3AC}.Debug|iPhone.ActiveCfg = Debug|Any CPU
		{C7D66D88-6B87-4528-820C-F09516F6A3AC}.Debug|iPhoneSimulator.ActiveCfg = Debug|Any CPU
		{C7D66D88-6B87-4528-820C-F09516F6A3AC}.Debug|Mixed Platforms.ActiveCfg = Debug|Any CPU
		{C7D66D88-6B87-4528-820C-F09516F6A3AC}.Debug|Mixed Platforms.Build.0 = Debug|Any CPU
		{C7D66D88-6B87-4528-820C-F09516F6A3AC}.Debug|x64.ActiveCfg = Debug|Any CPU
		{C7D66D88-6B87-4528-820C-F09516F6A3AC}.Debug|x86.ActiveCfg = Debug|Any CPU
		{C7D66D88-6B87-4528-820C-F09516F6A3AC}.Release|Any CPU.ActiveCfg = Release|Any CPU
		{C7D66D88-6B87-4528-820C-F09516F6A3AC}.Release|Any CPU.Build.0 = Release|Any CPU
		{C7D66D88-6B87-4528-820C-F09516F6A3AC}.Release|ARM.ActiveCfg = Release|Any CPU
		{C7D66D88-6B87-4528-820C-F09516F6A3AC}.Release|iPhone.ActiveCfg = Release|Any CPU
		{C7D66D88-6B87-4528-820C-F09516F6A3AC}.Release|iPhoneSimulator.ActiveCfg = Release|Any CPU
		{C7D66D88-6B87-4528-820C-F09516F6A3AC}.Release|Mixed Platforms.ActiveCfg = Release|Any CPU
		{C7D66D88-6B87-4528-820C-F09516F6A3AC}.Release|Mixed Platforms.Build.0 = Release|Any CPU
		{C7D66D88-6B87-4528-820C-F09516F6A3AC}.Release|x64.ActiveCfg = Release|Any CPU
		{C7D66D88-6B87-4528-820C-F09516F6A3AC}.Release|x86.ActiveCfg = Release|Any CPU
		{553A881C-278B-4A3C-9C79-606EDEEE3270}.Ad-Hoc|Any CPU.ActiveCfg = Release|Any CPU
		{553A881C-278B-4A3C-9C79-606EDEEE3270}.Ad-Hoc|Any CPU.Build.0 = Release|Any CPU
		{553A881C-278B-4A3C-9C79-606EDEEE3270}.Ad-Hoc|ARM.ActiveCfg = Release|Any CPU
		{553A881C-278B-4A3C-9C79-606EDEEE3270}.Ad-Hoc|iPhone.ActiveCfg = Release|Any CPU
		{553A881C-278B-4A3C-9C79-606EDEEE3270}.Ad-Hoc|iPhoneSimulator.ActiveCfg = Release|Any CPU
		{553A881C-278B-4A3C-9C79-606EDEEE3270}.Ad-Hoc|Mixed Platforms.ActiveCfg = Release|Any CPU
		{553A881C-278B-4A3C-9C79-606EDEEE3270}.Ad-Hoc|Mixed Platforms.Build.0 = Release|Any CPU
		{553A881C-278B-4A3C-9C79-606EDEEE3270}.Ad-Hoc|x64.ActiveCfg = Release|Any CPU
		{553A881C-278B-4A3C-9C79-606EDEEE3270}.Ad-Hoc|x86.ActiveCfg = Release|Any CPU
		{553A881C-278B-4A3C-9C79-606EDEEE3270}.AppStore|Any CPU.ActiveCfg = Release|Any CPU
		{553A881C-278B-4A3C-9C79-606EDEEE3270}.AppStore|Any CPU.Build.0 = Release|Any CPU
		{553A881C-278B-4A3C-9C79-606EDEEE3270}.AppStore|ARM.ActiveCfg = Release|Any CPU
		{553A881C-278B-4A3C-9C79-606EDEEE3270}.AppStore|iPhone.ActiveCfg = Release|Any CPU
		{553A881C-278B-4A3C-9C79-606EDEEE3270}.AppStore|iPhoneSimulator.ActiveCfg = Release|Any CPU
		{553A881C-278B-4A3C-9C79-606EDEEE3270}.AppStore|Mixed Platforms.ActiveCfg = Release|Any CPU
		{553A881C-278B-4A3C-9C79-606EDEEE3270}.AppStore|Mixed Platforms.Build.0 = Release|Any CPU
		{553A881C-278B-4A3C-9C79-606EDEEE3270}.AppStore|x64.ActiveCfg = Release|Any CPU
		{553A881C-278B-4A3C-9C79-606EDEEE3270}.AppStore|x86.ActiveCfg = Release|Any CPU
		{553A881C-278B-4A3C-9C79-606EDEEE3270}.Debug|Any CPU.ActiveCfg = Debug|Any CPU
		{553A881C-278B-4A3C-9C79-606EDEEE3270}.Debug|Any CPU.Build.0 = Debug|Any CPU
		{553A881C-278B-4A3C-9C79-606EDEEE3270}.Debug|ARM.ActiveCfg = Debug|Any CPU
		{553A881C-278B-4A3C-9C79-606EDEEE3270}.Debug|iPhone.ActiveCfg = Debug|Any CPU
		{553A881C-278B-4A3C-9C79-606EDEEE3270}.Debug|iPhoneSimulator.ActiveCfg = Debug|Any CPU
		{553A881C-278B-4A3C-9C79-606EDEEE3270}.Debug|iPhoneSimulator.Build.0 = Debug|Any CPU
		{553A881C-278B-4A3C-9C79-606EDEEE3270}.Debug|Mixed Platforms.ActiveCfg = Debug|Any CPU
		{553A881C-278B-4A3C-9C79-606EDEEE3270}.Debug|Mixed Platforms.Build.0 = Debug|Any CPU
		{553A881C-278B-4A3C-9C79-606EDEEE3270}.Debug|x64.ActiveCfg = Debug|Any CPU
		{553A881C-278B-4A3C-9C79-606EDEEE3270}.Debug|x86.ActiveCfg = Debug|Any CPU
		{553A881C-278B-4A3C-9C79-606EDEEE3270}.Release|Any CPU.ActiveCfg = Release|Any CPU
		{553A881C-278B-4A3C-9C79-606EDEEE3270}.Release|Any CPU.Build.0 = Release|Any CPU
		{553A881C-278B-4A3C-9C79-606EDEEE3270}.Release|ARM.ActiveCfg = Release|Any CPU
		{553A881C-278B-4A3C-9C79-606EDEEE3270}.Release|iPhone.ActiveCfg = Release|Any CPU
		{553A881C-278B-4A3C-9C79-606EDEEE3270}.Release|iPhoneSimulator.ActiveCfg = Release|Any CPU
		{553A881C-278B-4A3C-9C79-606EDEEE3270}.Release|Mixed Platforms.ActiveCfg = Release|Any CPU
		{553A881C-278B-4A3C-9C79-606EDEEE3270}.Release|Mixed Platforms.Build.0 = Release|Any CPU
		{553A881C-278B-4A3C-9C79-606EDEEE3270}.Release|x64.ActiveCfg = Release|Any CPU
		{553A881C-278B-4A3C-9C79-606EDEEE3270}.Release|x86.ActiveCfg = Release|Any CPU
		{996BAC7F-CAA7-475A-80D7-2D00C03AEB49}.Ad-Hoc|Any CPU.ActiveCfg = Ad-Hoc|iPhone
		{996BAC7F-CAA7-475A-80D7-2D00C03AEB49}.Ad-Hoc|ARM.ActiveCfg = Ad-Hoc|iPhone
		{996BAC7F-CAA7-475A-80D7-2D00C03AEB49}.Ad-Hoc|iPhone.ActiveCfg = Ad-Hoc|iPhone
		{996BAC7F-CAA7-475A-80D7-2D00C03AEB49}.Ad-Hoc|iPhone.Build.0 = Ad-Hoc|iPhone
		{996BAC7F-CAA7-475A-80D7-2D00C03AEB49}.Ad-Hoc|iPhoneSimulator.ActiveCfg = Ad-Hoc|iPhoneSimulator
		{996BAC7F-CAA7-475A-80D7-2D00C03AEB49}.Ad-Hoc|iPhoneSimulator.Build.0 = Ad-Hoc|iPhoneSimulator
		{996BAC7F-CAA7-475A-80D7-2D00C03AEB49}.Ad-Hoc|Mixed Platforms.ActiveCfg = Ad-Hoc|iPhone
		{996BAC7F-CAA7-475A-80D7-2D00C03AEB49}.Ad-Hoc|Mixed Platforms.Build.0 = Ad-Hoc|iPhone
		{996BAC7F-CAA7-475A-80D7-2D00C03AEB49}.Ad-Hoc|x64.ActiveCfg = Ad-Hoc|iPhone
		{996BAC7F-CAA7-475A-80D7-2D00C03AEB49}.Ad-Hoc|x86.ActiveCfg = Ad-Hoc|iPhone
		{996BAC7F-CAA7-475A-80D7-2D00C03AEB49}.AppStore|Any CPU.ActiveCfg = AppStore|iPhone
		{996BAC7F-CAA7-475A-80D7-2D00C03AEB49}.AppStore|ARM.ActiveCfg = AppStore|iPhone
		{996BAC7F-CAA7-475A-80D7-2D00C03AEB49}.AppStore|iPhone.ActiveCfg = AppStore|iPhone
		{996BAC7F-CAA7-475A-80D7-2D00C03AEB49}.AppStore|iPhone.Build.0 = AppStore|iPhone
		{996BAC7F-CAA7-475A-80D7-2D00C03AEB49}.AppStore|iPhoneSimulator.ActiveCfg = AppStore|iPhoneSimulator
		{996BAC7F-CAA7-475A-80D7-2D00C03AEB49}.AppStore|iPhoneSimulator.Build.0 = AppStore|iPhoneSimulator
		{996BAC7F-CAA7-475A-80D7-2D00C03AEB49}.AppStore|Mixed Platforms.ActiveCfg = AppStore|iPhone
		{996BAC7F-CAA7-475A-80D7-2D00C03AEB49}.AppStore|Mixed Platforms.Build.0 = AppStore|iPhone
		{996BAC7F-CAA7-475A-80D7-2D00C03AEB49}.AppStore|x64.ActiveCfg = AppStore|iPhone
		{996BAC7F-CAA7-475A-80D7-2D00C03AEB49}.AppStore|x86.ActiveCfg = AppStore|iPhone
		{996BAC7F-CAA7-475A-80D7-2D00C03AEB49}.Debug|Any CPU.ActiveCfg = Debug|iPhone
		{996BAC7F-CAA7-475A-80D7-2D00C03AEB49}.Debug|ARM.ActiveCfg = Debug|iPhone
		{996BAC7F-CAA7-475A-80D7-2D00C03AEB49}.Debug|iPhone.ActiveCfg = Debug|iPhone
		{996BAC7F-CAA7-475A-80D7-2D00C03AEB49}.Debug|iPhone.Build.0 = Debug|iPhone
		{996BAC7F-CAA7-475A-80D7-2D00C03AEB49}.Debug|iPhoneSimulator.ActiveCfg = Debug|iPhoneSimulator
		{996BAC7F-CAA7-475A-80D7-2D00C03AEB49}.Debug|iPhoneSimulator.Build.0 = Debug|iPhoneSimulator
		{996BAC7F-CAA7-475A-80D7-2D00C03AEB49}.Debug|Mixed Platforms.ActiveCfg = Debug|iPhone
		{996BAC7F-CAA7-475A-80D7-2D00C03AEB49}.Debug|Mixed Platforms.Build.0 = Debug|iPhone
		{996BAC7F-CAA7-475A-80D7-2D00C03AEB49}.Debug|x64.ActiveCfg = Debug|iPhone
		{996BAC7F-CAA7-475A-80D7-2D00C03AEB49}.Debug|x86.ActiveCfg = Debug|iPhone
		{996BAC7F-CAA7-475A-80D7-2D00C03AEB49}.Release|Any CPU.ActiveCfg = Release|iPhone
		{996BAC7F-CAA7-475A-80D7-2D00C03AEB49}.Release|Any CPU.Build.0 = Release|iPhone
		{996BAC7F-CAA7-475A-80D7-2D00C03AEB49}.Release|ARM.ActiveCfg = Release|iPhone
		{996BAC7F-CAA7-475A-80D7-2D00C03AEB49}.Release|iPhone.ActiveCfg = Release|iPhone
		{996BAC7F-CAA7-475A-80D7-2D00C03AEB49}.Release|iPhone.Build.0 = Release|iPhone
		{996BAC7F-CAA7-475A-80D7-2D00C03AEB49}.Release|iPhoneSimulator.ActiveCfg = Release|iPhoneSimulator
		{996BAC7F-CAA7-475A-80D7-2D00C03AEB49}.Release|iPhoneSimulator.Build.0 = Release|iPhoneSimulator
		{996BAC7F-CAA7-475A-80D7-2D00C03AEB49}.Release|Mixed Platforms.ActiveCfg = Release|iPhone
		{996BAC7F-CAA7-475A-80D7-2D00C03AEB49}.Release|Mixed Platforms.Build.0 = Release|iPhone
		{996BAC7F-CAA7-475A-80D7-2D00C03AEB49}.Release|x64.ActiveCfg = Release|iPhone
		{996BAC7F-CAA7-475A-80D7-2D00C03AEB49}.Release|x86.ActiveCfg = Release|iPhone
		{4AEF417F-5FD0-4255-94E2-60538CCF0C40}.Ad-Hoc|Any CPU.ActiveCfg = Release|Any CPU
		{4AEF417F-5FD0-4255-94E2-60538CCF0C40}.Ad-Hoc|Any CPU.Build.0 = Release|Any CPU
		{4AEF417F-5FD0-4255-94E2-60538CCF0C40}.Ad-Hoc|ARM.ActiveCfg = Release|Any CPU
		{4AEF417F-5FD0-4255-94E2-60538CCF0C40}.Ad-Hoc|iPhone.ActiveCfg = Release|Any CPU
		{4AEF417F-5FD0-4255-94E2-60538CCF0C40}.Ad-Hoc|iPhoneSimulator.ActiveCfg = Release|Any CPU
		{4AEF417F-5FD0-4255-94E2-60538CCF0C40}.Ad-Hoc|Mixed Platforms.ActiveCfg = Release|Any CPU
		{4AEF417F-5FD0-4255-94E2-60538CCF0C40}.Ad-Hoc|Mixed Platforms.Build.0 = Release|Any CPU
		{4AEF417F-5FD0-4255-94E2-60538CCF0C40}.Ad-Hoc|x64.ActiveCfg = Release|Any CPU
		{4AEF417F-5FD0-4255-94E2-60538CCF0C40}.Ad-Hoc|x86.ActiveCfg = Release|Any CPU
		{4AEF417F-5FD0-4255-94E2-60538CCF0C40}.AppStore|Any CPU.ActiveCfg = Release|Any CPU
		{4AEF417F-5FD0-4255-94E2-60538CCF0C40}.AppStore|Any CPU.Build.0 = Release|Any CPU
		{4AEF417F-5FD0-4255-94E2-60538CCF0C40}.AppStore|ARM.ActiveCfg = Release|Any CPU
		{4AEF417F-5FD0-4255-94E2-60538CCF0C40}.AppStore|iPhone.ActiveCfg = Release|Any CPU
		{4AEF417F-5FD0-4255-94E2-60538CCF0C40}.AppStore|iPhoneSimulator.ActiveCfg = Release|Any CPU
		{4AEF417F-5FD0-4255-94E2-60538CCF0C40}.AppStore|Mixed Platforms.ActiveCfg = Release|Any CPU
		{4AEF417F-5FD0-4255-94E2-60538CCF0C40}.AppStore|Mixed Platforms.Build.0 = Release|Any CPU
		{4AEF417F-5FD0-4255-94E2-60538CCF0C40}.AppStore|x64.ActiveCfg = Release|Any CPU
		{4AEF417F-5FD0-4255-94E2-60538CCF0C40}.AppStore|x86.ActiveCfg = Release|Any CPU
		{4AEF417F-5FD0-4255-94E2-60538CCF0C40}.Debug|Any CPU.ActiveCfg = Debug|Any CPU
		{4AEF417F-5FD0-4255-94E2-60538CCF0C40}.Debug|Any CPU.Build.0 = Debug|Any CPU
		{4AEF417F-5FD0-4255-94E2-60538CCF0C40}.Debug|ARM.ActiveCfg = Debug|Any CPU
		{4AEF417F-5FD0-4255-94E2-60538CCF0C40}.Debug|iPhone.ActiveCfg = Debug|Any CPU
		{4AEF417F-5FD0-4255-94E2-60538CCF0C40}.Debug|iPhoneSimulator.ActiveCfg = Debug|Any CPU
		{4AEF417F-5FD0-4255-94E2-60538CCF0C40}.Debug|iPhoneSimulator.Build.0 = Debug|Any CPU
		{4AEF417F-5FD0-4255-94E2-60538CCF0C40}.Debug|Mixed Platforms.ActiveCfg = Debug|Any CPU
		{4AEF417F-5FD0-4255-94E2-60538CCF0C40}.Debug|Mixed Platforms.Build.0 = Debug|Any CPU
		{4AEF417F-5FD0-4255-94E2-60538CCF0C40}.Debug|x64.ActiveCfg = Debug|Any CPU
		{4AEF417F-5FD0-4255-94E2-60538CCF0C40}.Debug|x86.ActiveCfg = Debug|Any CPU
		{4AEF417F-5FD0-4255-94E2-60538CCF0C40}.Release|Any CPU.ActiveCfg = Release|Any CPU
		{4AEF417F-5FD0-4255-94E2-60538CCF0C40}.Release|Any CPU.Build.0 = Release|Any CPU
		{4AEF417F-5FD0-4255-94E2-60538CCF0C40}.Release|ARM.ActiveCfg = Release|Any CPU
		{4AEF417F-5FD0-4255-94E2-60538CCF0C40}.Release|iPhone.ActiveCfg = Release|Any CPU
		{4AEF417F-5FD0-4255-94E2-60538CCF0C40}.Release|iPhone.Build.0 = Release|Any CPU
		{4AEF417F-5FD0-4255-94E2-60538CCF0C40}.Release|iPhoneSimulator.ActiveCfg = Release|Any CPU
		{4AEF417F-5FD0-4255-94E2-60538CCF0C40}.Release|iPhoneSimulator.Build.0 = Release|Any CPU
		{4AEF417F-5FD0-4255-94E2-60538CCF0C40}.Release|Mixed Platforms.ActiveCfg = Release|Any CPU
		{4AEF417F-5FD0-4255-94E2-60538CCF0C40}.Release|Mixed Platforms.Build.0 = Release|Any CPU
		{4AEF417F-5FD0-4255-94E2-60538CCF0C40}.Release|x64.ActiveCfg = Release|Any CPU
		{4AEF417F-5FD0-4255-94E2-60538CCF0C40}.Release|x86.ActiveCfg = Release|Any CPU
		{6C594133-C136-4C70-AC36-E56B7452BD2E}.Ad-Hoc|Any CPU.ActiveCfg = Release|Any CPU
		{6C594133-C136-4C70-AC36-E56B7452BD2E}.Ad-Hoc|Any CPU.Build.0 = Release|Any CPU
		{6C594133-C136-4C70-AC36-E56B7452BD2E}.Ad-Hoc|Any CPU.Deploy.0 = Release|Any CPU
		{6C594133-C136-4C70-AC36-E56B7452BD2E}.Ad-Hoc|ARM.ActiveCfg = Release|Any CPU
		{6C594133-C136-4C70-AC36-E56B7452BD2E}.Ad-Hoc|ARM.Build.0 = Release|Any CPU
		{6C594133-C136-4C70-AC36-E56B7452BD2E}.Ad-Hoc|ARM.Deploy.0 = Release|Any CPU
		{6C594133-C136-4C70-AC36-E56B7452BD2E}.Ad-Hoc|iPhone.ActiveCfg = Release|Any CPU
		{6C594133-C136-4C70-AC36-E56B7452BD2E}.Ad-Hoc|iPhone.Build.0 = Release|Any CPU
		{6C594133-C136-4C70-AC36-E56B7452BD2E}.Ad-Hoc|iPhone.Deploy.0 = Release|Any CPU
		{6C594133-C136-4C70-AC36-E56B7452BD2E}.Ad-Hoc|iPhoneSimulator.ActiveCfg = Release|Any CPU
		{6C594133-C136-4C70-AC36-E56B7452BD2E}.Ad-Hoc|iPhoneSimulator.Build.0 = Release|Any CPU
		{6C594133-C136-4C70-AC36-E56B7452BD2E}.Ad-Hoc|iPhoneSimulator.Deploy.0 = Release|Any CPU
		{6C594133-C136-4C70-AC36-E56B7452BD2E}.Ad-Hoc|Mixed Platforms.ActiveCfg = Release|Any CPU
		{6C594133-C136-4C70-AC36-E56B7452BD2E}.Ad-Hoc|Mixed Platforms.Build.0 = Release|Any CPU
		{6C594133-C136-4C70-AC36-E56B7452BD2E}.Ad-Hoc|Mixed Platforms.Deploy.0 = Release|Any CPU
		{6C594133-C136-4C70-AC36-E56B7452BD2E}.Ad-Hoc|x64.ActiveCfg = Release|Any CPU
		{6C594133-C136-4C70-AC36-E56B7452BD2E}.Ad-Hoc|x64.Build.0 = Release|Any CPU
		{6C594133-C136-4C70-AC36-E56B7452BD2E}.Ad-Hoc|x64.Deploy.0 = Release|Any CPU
		{6C594133-C136-4C70-AC36-E56B7452BD2E}.Ad-Hoc|x86.ActiveCfg = Release|Any CPU
		{6C594133-C136-4C70-AC36-E56B7452BD2E}.Ad-Hoc|x86.Build.0 = Release|Any CPU
		{6C594133-C136-4C70-AC36-E56B7452BD2E}.Ad-Hoc|x86.Deploy.0 = Release|Any CPU
		{6C594133-C136-4C70-AC36-E56B7452BD2E}.AppStore|Any CPU.ActiveCfg = Release|Any CPU
		{6C594133-C136-4C70-AC36-E56B7452BD2E}.AppStore|Any CPU.Build.0 = Release|Any CPU
		{6C594133-C136-4C70-AC36-E56B7452BD2E}.AppStore|Any CPU.Deploy.0 = Release|Any CPU
		{6C594133-C136-4C70-AC36-E56B7452BD2E}.AppStore|ARM.ActiveCfg = Release|Any CPU
		{6C594133-C136-4C70-AC36-E56B7452BD2E}.AppStore|ARM.Build.0 = Release|Any CPU
		{6C594133-C136-4C70-AC36-E56B7452BD2E}.AppStore|ARM.Deploy.0 = Release|Any CPU
		{6C594133-C136-4C70-AC36-E56B7452BD2E}.AppStore|iPhone.ActiveCfg = Release|Any CPU
		{6C594133-C136-4C70-AC36-E56B7452BD2E}.AppStore|iPhone.Build.0 = Release|Any CPU
		{6C594133-C136-4C70-AC36-E56B7452BD2E}.AppStore|iPhone.Deploy.0 = Release|Any CPU
		{6C594133-C136-4C70-AC36-E56B7452BD2E}.AppStore|iPhoneSimulator.ActiveCfg = Release|Any CPU
		{6C594133-C136-4C70-AC36-E56B7452BD2E}.AppStore|iPhoneSimulator.Build.0 = Release|Any CPU
		{6C594133-C136-4C70-AC36-E56B7452BD2E}.AppStore|iPhoneSimulator.Deploy.0 = Release|Any CPU
		{6C594133-C136-4C70-AC36-E56B7452BD2E}.AppStore|Mixed Platforms.ActiveCfg = Release|Any CPU
		{6C594133-C136-4C70-AC36-E56B7452BD2E}.AppStore|Mixed Platforms.Build.0 = Release|Any CPU
		{6C594133-C136-4C70-AC36-E56B7452BD2E}.AppStore|Mixed Platforms.Deploy.0 = Release|Any CPU
		{6C594133-C136-4C70-AC36-E56B7452BD2E}.AppStore|x64.ActiveCfg = Release|Any CPU
		{6C594133-C136-4C70-AC36-E56B7452BD2E}.AppStore|x64.Build.0 = Release|Any CPU
		{6C594133-C136-4C70-AC36-E56B7452BD2E}.AppStore|x64.Deploy.0 = Release|Any CPU
		{6C594133-C136-4C70-AC36-E56B7452BD2E}.AppStore|x86.ActiveCfg = Release|Any CPU
		{6C594133-C136-4C70-AC36-E56B7452BD2E}.AppStore|x86.Build.0 = Release|Any CPU
		{6C594133-C136-4C70-AC36-E56B7452BD2E}.AppStore|x86.Deploy.0 = Release|Any CPU
		{6C594133-C136-4C70-AC36-E56B7452BD2E}.Debug|Any CPU.ActiveCfg = Debug|Any CPU
		{6C594133-C136-4C70-AC36-E56B7452BD2E}.Debug|Any CPU.Build.0 = Debug|Any CPU
		{6C594133-C136-4C70-AC36-E56B7452BD2E}.Debug|Any CPU.Deploy.0 = Debug|Any CPU
		{6C594133-C136-4C70-AC36-E56B7452BD2E}.Debug|ARM.ActiveCfg = Debug|Any CPU
		{6C594133-C136-4C70-AC36-E56B7452BD2E}.Debug|ARM.Build.0 = Debug|Any CPU
		{6C594133-C136-4C70-AC36-E56B7452BD2E}.Debug|ARM.Deploy.0 = Debug|Any CPU
		{6C594133-C136-4C70-AC36-E56B7452BD2E}.Debug|iPhone.ActiveCfg = Debug|Any CPU
		{6C594133-C136-4C70-AC36-E56B7452BD2E}.Debug|iPhone.Build.0 = Debug|Any CPU
		{6C594133-C136-4C70-AC36-E56B7452BD2E}.Debug|iPhone.Deploy.0 = Debug|Any CPU
		{6C594133-C136-4C70-AC36-E56B7452BD2E}.Debug|iPhoneSimulator.ActiveCfg = Debug|Any CPU
		{6C594133-C136-4C70-AC36-E56B7452BD2E}.Debug|iPhoneSimulator.Build.0 = Debug|Any CPU
		{6C594133-C136-4C70-AC36-E56B7452BD2E}.Debug|iPhoneSimulator.Deploy.0 = Debug|Any CPU
		{6C594133-C136-4C70-AC36-E56B7452BD2E}.Debug|Mixed Platforms.ActiveCfg = Debug|Any CPU
		{6C594133-C136-4C70-AC36-E56B7452BD2E}.Debug|Mixed Platforms.Build.0 = Debug|Any CPU
		{6C594133-C136-4C70-AC36-E56B7452BD2E}.Debug|Mixed Platforms.Deploy.0 = Debug|Any CPU
		{6C594133-C136-4C70-AC36-E56B7452BD2E}.Debug|x64.ActiveCfg = Debug|Any CPU
		{6C594133-C136-4C70-AC36-E56B7452BD2E}.Debug|x64.Build.0 = Debug|Any CPU
		{6C594133-C136-4C70-AC36-E56B7452BD2E}.Debug|x64.Deploy.0 = Debug|Any CPU
		{6C594133-C136-4C70-AC36-E56B7452BD2E}.Debug|x86.ActiveCfg = Debug|Any CPU
		{6C594133-C136-4C70-AC36-E56B7452BD2E}.Debug|x86.Build.0 = Debug|Any CPU
		{6C594133-C136-4C70-AC36-E56B7452BD2E}.Debug|x86.Deploy.0 = Debug|Any CPU
		{6C594133-C136-4C70-AC36-E56B7452BD2E}.Release|Any CPU.ActiveCfg = Release|Any CPU
		{6C594133-C136-4C70-AC36-E56B7452BD2E}.Release|Any CPU.Build.0 = Release|Any CPU
		{6C594133-C136-4C70-AC36-E56B7452BD2E}.Release|Any CPU.Deploy.0 = Release|Any CPU
		{6C594133-C136-4C70-AC36-E56B7452BD2E}.Release|ARM.ActiveCfg = Release|Any CPU
		{6C594133-C136-4C70-AC36-E56B7452BD2E}.Release|ARM.Build.0 = Release|Any CPU
		{6C594133-C136-4C70-AC36-E56B7452BD2E}.Release|ARM.Deploy.0 = Release|Any CPU
		{6C594133-C136-4C70-AC36-E56B7452BD2E}.Release|iPhone.ActiveCfg = Release|Any CPU
		{6C594133-C136-4C70-AC36-E56B7452BD2E}.Release|iPhone.Build.0 = Release|Any CPU
		{6C594133-C136-4C70-AC36-E56B7452BD2E}.Release|iPhone.Deploy.0 = Release|Any CPU
		{6C594133-C136-4C70-AC36-E56B7452BD2E}.Release|iPhoneSimulator.ActiveCfg = Release|Any CPU
		{6C594133-C136-4C70-AC36-E56B7452BD2E}.Release|iPhoneSimulator.Build.0 = Release|Any CPU
		{6C594133-C136-4C70-AC36-E56B7452BD2E}.Release|iPhoneSimulator.Deploy.0 = Release|Any CPU
		{6C594133-C136-4C70-AC36-E56B7452BD2E}.Release|Mixed Platforms.ActiveCfg = Release|Any CPU
		{6C594133-C136-4C70-AC36-E56B7452BD2E}.Release|Mixed Platforms.Build.0 = Release|Any CPU
		{6C594133-C136-4C70-AC36-E56B7452BD2E}.Release|Mixed Platforms.Deploy.0 = Release|Any CPU
		{6C594133-C136-4C70-AC36-E56B7452BD2E}.Release|x64.ActiveCfg = Release|Any CPU
		{6C594133-C136-4C70-AC36-E56B7452BD2E}.Release|x64.Build.0 = Release|Any CPU
		{6C594133-C136-4C70-AC36-E56B7452BD2E}.Release|x64.Deploy.0 = Release|Any CPU
		{6C594133-C136-4C70-AC36-E56B7452BD2E}.Release|x86.ActiveCfg = Release|Any CPU
		{6C594133-C136-4C70-AC36-E56B7452BD2E}.Release|x86.Build.0 = Release|Any CPU
		{6C594133-C136-4C70-AC36-E56B7452BD2E}.Release|x86.Deploy.0 = Release|Any CPU
		{31049358-DB24-492B-A566-7F4521E19B41}.Ad-Hoc|Any CPU.ActiveCfg = Release|x64
		{31049358-DB24-492B-A566-7F4521E19B41}.Ad-Hoc|Any CPU.Build.0 = Release|x64
		{31049358-DB24-492B-A566-7F4521E19B41}.Ad-Hoc|Any CPU.Deploy.0 = Release|x64
		{31049358-DB24-492B-A566-7F4521E19B41}.Ad-Hoc|ARM.ActiveCfg = Release|ARM
		{31049358-DB24-492B-A566-7F4521E19B41}.Ad-Hoc|ARM.Build.0 = Release|ARM
		{31049358-DB24-492B-A566-7F4521E19B41}.Ad-Hoc|ARM.Deploy.0 = Release|ARM
		{31049358-DB24-492B-A566-7F4521E19B41}.Ad-Hoc|iPhone.ActiveCfg = Release|x64
		{31049358-DB24-492B-A566-7F4521E19B41}.Ad-Hoc|iPhone.Build.0 = Release|x64
		{31049358-DB24-492B-A566-7F4521E19B41}.Ad-Hoc|iPhone.Deploy.0 = Release|x64
		{31049358-DB24-492B-A566-7F4521E19B41}.Ad-Hoc|iPhoneSimulator.ActiveCfg = Release|x64
		{31049358-DB24-492B-A566-7F4521E19B41}.Ad-Hoc|iPhoneSimulator.Build.0 = Release|x64
		{31049358-DB24-492B-A566-7F4521E19B41}.Ad-Hoc|iPhoneSimulator.Deploy.0 = Release|x64
		{31049358-DB24-492B-A566-7F4521E19B41}.Ad-Hoc|Mixed Platforms.ActiveCfg = Release|x86
		{31049358-DB24-492B-A566-7F4521E19B41}.Ad-Hoc|Mixed Platforms.Build.0 = Release|x86
		{31049358-DB24-492B-A566-7F4521E19B41}.Ad-Hoc|Mixed Platforms.Deploy.0 = Release|x86
		{31049358-DB24-492B-A566-7F4521E19B41}.Ad-Hoc|x64.ActiveCfg = Release|x64
		{31049358-DB24-492B-A566-7F4521E19B41}.Ad-Hoc|x64.Build.0 = Release|x64
		{31049358-DB24-492B-A566-7F4521E19B41}.Ad-Hoc|x64.Deploy.0 = Release|x64
		{31049358-DB24-492B-A566-7F4521E19B41}.Ad-Hoc|x86.ActiveCfg = Release|x86
		{31049358-DB24-492B-A566-7F4521E19B41}.Ad-Hoc|x86.Build.0 = Release|x86
		{31049358-DB24-492B-A566-7F4521E19B41}.Ad-Hoc|x86.Deploy.0 = Release|x86
		{31049358-DB24-492B-A566-7F4521E19B41}.AppStore|Any CPU.ActiveCfg = Release|x64
		{31049358-DB24-492B-A566-7F4521E19B41}.AppStore|Any CPU.Build.0 = Release|x64
		{31049358-DB24-492B-A566-7F4521E19B41}.AppStore|Any CPU.Deploy.0 = Release|x64
		{31049358-DB24-492B-A566-7F4521E19B41}.AppStore|ARM.ActiveCfg = Release|ARM
		{31049358-DB24-492B-A566-7F4521E19B41}.AppStore|ARM.Build.0 = Release|ARM
		{31049358-DB24-492B-A566-7F4521E19B41}.AppStore|ARM.Deploy.0 = Release|ARM
		{31049358-DB24-492B-A566-7F4521E19B41}.AppStore|iPhone.ActiveCfg = Release|x64
		{31049358-DB24-492B-A566-7F4521E19B41}.AppStore|iPhone.Build.0 = Release|x64
		{31049358-DB24-492B-A566-7F4521E19B41}.AppStore|iPhone.Deploy.0 = Release|x64
		{31049358-DB24-492B-A566-7F4521E19B41}.AppStore|iPhoneSimulator.ActiveCfg = Release|x64
		{31049358-DB24-492B-A566-7F4521E19B41}.AppStore|iPhoneSimulator.Build.0 = Release|x64
		{31049358-DB24-492B-A566-7F4521E19B41}.AppStore|iPhoneSimulator.Deploy.0 = Release|x64
		{31049358-DB24-492B-A566-7F4521E19B41}.AppStore|Mixed Platforms.ActiveCfg = Release|x86
		{31049358-DB24-492B-A566-7F4521E19B41}.AppStore|Mixed Platforms.Build.0 = Release|x86
		{31049358-DB24-492B-A566-7F4521E19B41}.AppStore|Mixed Platforms.Deploy.0 = Release|x86
		{31049358-DB24-492B-A566-7F4521E19B41}.AppStore|x64.ActiveCfg = Release|x64
		{31049358-DB24-492B-A566-7F4521E19B41}.AppStore|x64.Build.0 = Release|x64
		{31049358-DB24-492B-A566-7F4521E19B41}.AppStore|x64.Deploy.0 = Release|x64
		{31049358-DB24-492B-A566-7F4521E19B41}.AppStore|x86.ActiveCfg = Release|x86
		{31049358-DB24-492B-A566-7F4521E19B41}.AppStore|x86.Build.0 = Release|x86
		{31049358-DB24-492B-A566-7F4521E19B41}.AppStore|x86.Deploy.0 = Release|x86
		{31049358-DB24-492B-A566-7F4521E19B41}.Debug|Any CPU.ActiveCfg = Debug|x86
		{31049358-DB24-492B-A566-7F4521E19B41}.Debug|Any CPU.Deploy.0 = Debug|x86
		{31049358-DB24-492B-A566-7F4521E19B41}.Debug|ARM.ActiveCfg = Debug|ARM
		{31049358-DB24-492B-A566-7F4521E19B41}.Debug|ARM.Build.0 = Debug|ARM
		{31049358-DB24-492B-A566-7F4521E19B41}.Debug|ARM.Deploy.0 = Debug|ARM
		{31049358-DB24-492B-A566-7F4521E19B41}.Debug|iPhone.ActiveCfg = Debug|x86
		{31049358-DB24-492B-A566-7F4521E19B41}.Debug|iPhoneSimulator.ActiveCfg = Debug|x86
		{31049358-DB24-492B-A566-7F4521E19B41}.Debug|Mixed Platforms.ActiveCfg = Debug|x86
		{31049358-DB24-492B-A566-7F4521E19B41}.Debug|Mixed Platforms.Build.0 = Debug|x86
		{31049358-DB24-492B-A566-7F4521E19B41}.Debug|Mixed Platforms.Deploy.0 = Debug|x86
		{31049358-DB24-492B-A566-7F4521E19B41}.Debug|x64.ActiveCfg = Debug|x64
		{31049358-DB24-492B-A566-7F4521E19B41}.Debug|x64.Build.0 = Debug|x64
		{31049358-DB24-492B-A566-7F4521E19B41}.Debug|x64.Deploy.0 = Debug|x64
		{31049358-DB24-492B-A566-7F4521E19B41}.Debug|x86.ActiveCfg = Debug|x86
		{31049358-DB24-492B-A566-7F4521E19B41}.Debug|x86.Build.0 = Debug|x86
		{31049358-DB24-492B-A566-7F4521E19B41}.Debug|x86.Deploy.0 = Debug|x86
		{31049358-DB24-492B-A566-7F4521E19B41}.Release|Any CPU.ActiveCfg = Release|x86
		{31049358-DB24-492B-A566-7F4521E19B41}.Release|Any CPU.Build.0 = Release|x86
		{31049358-DB24-492B-A566-7F4521E19B41}.Release|Any CPU.Deploy.0 = Release|x86
		{31049358-DB24-492B-A566-7F4521E19B41}.Release|ARM.ActiveCfg = Release|ARM
		{31049358-DB24-492B-A566-7F4521E19B41}.Release|ARM.Build.0 = Release|ARM
		{31049358-DB24-492B-A566-7F4521E19B41}.Release|ARM.Deploy.0 = Release|ARM
		{31049358-DB24-492B-A566-7F4521E19B41}.Release|iPhone.ActiveCfg = Release|x86
		{31049358-DB24-492B-A566-7F4521E19B41}.Release|iPhoneSimulator.ActiveCfg = Release|x86
		{31049358-DB24-492B-A566-7F4521E19B41}.Release|Mixed Platforms.ActiveCfg = Release|x86
		{31049358-DB24-492B-A566-7F4521E19B41}.Release|Mixed Platforms.Build.0 = Release|x86
		{31049358-DB24-492B-A566-7F4521E19B41}.Release|Mixed Platforms.Deploy.0 = Release|x86
		{31049358-DB24-492B-A566-7F4521E19B41}.Release|x64.ActiveCfg = Release|x64
		{31049358-DB24-492B-A566-7F4521E19B41}.Release|x64.Build.0 = Release|x64
		{31049358-DB24-492B-A566-7F4521E19B41}.Release|x64.Deploy.0 = Release|x64
		{31049358-DB24-492B-A566-7F4521E19B41}.Release|x86.ActiveCfg = Release|x86
		{31049358-DB24-492B-A566-7F4521E19B41}.Release|x86.Build.0 = Release|x86
		{31049358-DB24-492B-A566-7F4521E19B41}.Release|x86.Deploy.0 = Release|x86
		{AA702147-880F-4C45-8F4C-F8C32B57901A}.Ad-Hoc|Any CPU.ActiveCfg = Release|Any CPU
		{AA702147-880F-4C45-8F4C-F8C32B57901A}.Ad-Hoc|Any CPU.Build.0 = Release|Any CPU
		{AA702147-880F-4C45-8F4C-F8C32B57901A}.Ad-Hoc|ARM.ActiveCfg = Release|ARM
		{AA702147-880F-4C45-8F4C-F8C32B57901A}.Ad-Hoc|ARM.Build.0 = Release|ARM
		{AA702147-880F-4C45-8F4C-F8C32B57901A}.Ad-Hoc|iPhone.ActiveCfg = Release|Any CPU
		{AA702147-880F-4C45-8F4C-F8C32B57901A}.Ad-Hoc|iPhone.Build.0 = Release|Any CPU
		{AA702147-880F-4C45-8F4C-F8C32B57901A}.Ad-Hoc|iPhoneSimulator.ActiveCfg = Release|Any CPU
		{AA702147-880F-4C45-8F4C-F8C32B57901A}.Ad-Hoc|iPhoneSimulator.Build.0 = Release|Any CPU
		{AA702147-880F-4C45-8F4C-F8C32B57901A}.Ad-Hoc|Mixed Platforms.ActiveCfg = Release|x86
		{AA702147-880F-4C45-8F4C-F8C32B57901A}.Ad-Hoc|Mixed Platforms.Build.0 = Release|x86
		{AA702147-880F-4C45-8F4C-F8C32B57901A}.Ad-Hoc|x64.ActiveCfg = Release|x64
		{AA702147-880F-4C45-8F4C-F8C32B57901A}.Ad-Hoc|x64.Build.0 = Release|x64
		{AA702147-880F-4C45-8F4C-F8C32B57901A}.Ad-Hoc|x86.ActiveCfg = Release|x86
		{AA702147-880F-4C45-8F4C-F8C32B57901A}.Ad-Hoc|x86.Build.0 = Release|x86
		{AA702147-880F-4C45-8F4C-F8C32B57901A}.AppStore|Any CPU.ActiveCfg = Release|Any CPU
		{AA702147-880F-4C45-8F4C-F8C32B57901A}.AppStore|Any CPU.Build.0 = Release|Any CPU
		{AA702147-880F-4C45-8F4C-F8C32B57901A}.AppStore|ARM.ActiveCfg = Release|ARM
		{AA702147-880F-4C45-8F4C-F8C32B57901A}.AppStore|ARM.Build.0 = Release|ARM
		{AA702147-880F-4C45-8F4C-F8C32B57901A}.AppStore|iPhone.ActiveCfg = Release|Any CPU
		{AA702147-880F-4C45-8F4C-F8C32B57901A}.AppStore|iPhone.Build.0 = Release|Any CPU
		{AA702147-880F-4C45-8F4C-F8C32B57901A}.AppStore|iPhoneSimulator.ActiveCfg = Release|Any CPU
		{AA702147-880F-4C45-8F4C-F8C32B57901A}.AppStore|iPhoneSimulator.Build.0 = Release|Any CPU
		{AA702147-880F-4C45-8F4C-F8C32B57901A}.AppStore|Mixed Platforms.ActiveCfg = Release|x86
		{AA702147-880F-4C45-8F4C-F8C32B57901A}.AppStore|Mixed Platforms.Build.0 = Release|x86
		{AA702147-880F-4C45-8F4C-F8C32B57901A}.AppStore|x64.ActiveCfg = Release|x64
		{AA702147-880F-4C45-8F4C-F8C32B57901A}.AppStore|x64.Build.0 = Release|x64
		{AA702147-880F-4C45-8F4C-F8C32B57901A}.AppStore|x86.ActiveCfg = Release|x86
		{AA702147-880F-4C45-8F4C-F8C32B57901A}.AppStore|x86.Build.0 = Release|x86
		{AA702147-880F-4C45-8F4C-F8C32B57901A}.Debug|Any CPU.ActiveCfg = Debug|Any CPU
		{AA702147-880F-4C45-8F4C-F8C32B57901A}.Debug|Any CPU.Build.0 = Debug|Any CPU
		{AA702147-880F-4C45-8F4C-F8C32B57901A}.Debug|ARM.ActiveCfg = Debug|ARM
		{AA702147-880F-4C45-8F4C-F8C32B57901A}.Debug|ARM.Build.0 = Debug|ARM
		{AA702147-880F-4C45-8F4C-F8C32B57901A}.Debug|iPhone.ActiveCfg = Debug|Any CPU
		{AA702147-880F-4C45-8F4C-F8C32B57901A}.Debug|iPhone.Build.0 = Debug|Any CPU
		{AA702147-880F-4C45-8F4C-F8C32B57901A}.Debug|iPhoneSimulator.ActiveCfg = Debug|Any CPU
		{AA702147-880F-4C45-8F4C-F8C32B57901A}.Debug|iPhoneSimulator.Build.0 = Debug|Any CPU
		{AA702147-880F-4C45-8F4C-F8C32B57901A}.Debug|Mixed Platforms.ActiveCfg = Debug|x86
		{AA702147-880F-4C45-8F4C-F8C32B57901A}.Debug|Mixed Platforms.Build.0 = Debug|x86
		{AA702147-880F-4C45-8F4C-F8C32B57901A}.Debug|x64.ActiveCfg = Debug|x64
		{AA702147-880F-4C45-8F4C-F8C32B57901A}.Debug|x64.Build.0 = Debug|x64
		{AA702147-880F-4C45-8F4C-F8C32B57901A}.Debug|x86.ActiveCfg = Debug|x86
		{AA702147-880F-4C45-8F4C-F8C32B57901A}.Debug|x86.Build.0 = Debug|x86
		{AA702147-880F-4C45-8F4C-F8C32B57901A}.Release|Any CPU.ActiveCfg = Release|Any CPU
		{AA702147-880F-4C45-8F4C-F8C32B57901A}.Release|Any CPU.Build.0 = Release|Any CPU
		{AA702147-880F-4C45-8F4C-F8C32B57901A}.Release|ARM.ActiveCfg = Release|ARM
		{AA702147-880F-4C45-8F4C-F8C32B57901A}.Release|ARM.Build.0 = Release|ARM
		{AA702147-880F-4C45-8F4C-F8C32B57901A}.Release|iPhone.ActiveCfg = Release|Any CPU
		{AA702147-880F-4C45-8F4C-F8C32B57901A}.Release|iPhone.Build.0 = Release|Any CPU
		{AA702147-880F-4C45-8F4C-F8C32B57901A}.Release|iPhoneSimulator.ActiveCfg = Release|Any CPU
		{AA702147-880F-4C45-8F4C-F8C32B57901A}.Release|iPhoneSimulator.Build.0 = Release|Any CPU
		{AA702147-880F-4C45-8F4C-F8C32B57901A}.Release|Mixed Platforms.ActiveCfg = Release|x86
		{AA702147-880F-4C45-8F4C-F8C32B57901A}.Release|Mixed Platforms.Build.0 = Release|x86
		{AA702147-880F-4C45-8F4C-F8C32B57901A}.Release|x64.ActiveCfg = Release|x64
		{AA702147-880F-4C45-8F4C-F8C32B57901A}.Release|x64.Build.0 = Release|x64
		{AA702147-880F-4C45-8F4C-F8C32B57901A}.Release|x86.ActiveCfg = Release|x86
		{AA702147-880F-4C45-8F4C-F8C32B57901A}.Release|x86.Build.0 = Release|x86
	EndGlobalSection
	GlobalSection(SolutionProperties) = preSolution
		HideSolutionNode = FALSE
	EndGlobalSection
	GlobalSection(NestedProjects) = preSolution
		{553A881C-278B-4A3C-9C79-606EDEEE3270} = {ECF5C521-9DE4-4A54-8BC1-62C7FE1B28B4}
		{996BAC7F-CAA7-475A-80D7-2D00C03AEB49} = {ECF5C521-9DE4-4A54-8BC1-62C7FE1B28B4}
		{6C594133-C136-4C70-AC36-E56B7452BD2E} = {ECF5C521-9DE4-4A54-8BC1-62C7FE1B28B4}
		{31049358-DB24-492B-A566-7F4521E19B41} = {ECF5C521-9DE4-4A54-8BC1-62C7FE1B28B4}
	EndGlobalSection
EndGlobal
